
Microsoft Visual Studio Solution File, Format Version 11.00
# Visual Studio 2010
Project("{FAE04EC0-301F-11D3-BF4B-00C04F79EFBC}") = "Assembly-CSharp", "Assembly-CSharp.csproj", "{EA59006D-E369-408D-0993-CDF3376F6303}"
EndProject
Project("{FAE04EC0-301F-11D3-BF4B-00C04F79EFBC}") = "PhotonUnityNetworking.Utilities", "PhotonUnityNetworking.Utilities.csproj", "{34A34D6F-4078-7D56-7ECC-E71F97DB64F7}"
EndProject
Project("{FAE04EC0-301F-11D3-BF4B-00C04F79EFBC}") = "PhotonChat", "PhotonChat.csproj", "{3495C565-BA89-2D24-D9B6-15372430D95F}"
EndProject
Project("{FAE04EC0-301F-11D3-BF4B-00C04F79EFBC}") = "PhotonUnityNetworking", "PhotonUnityNetworking.csproj", "{CDDB57A4-6A5C-15C4-98CE-39D57F58783E}"
EndProject
Project("{FAE04EC0-301F-11D3-BF4B-00C04F79EFBC}") = "PhotonRealtime", "PhotonRealtime.csproj", "{F4BB390E-D303-BEE9-BBE6-FAD7D059CC8C}"
EndProject
Project("{FAE04EC0-301F-11D3-BF4B-00C04F79EFBC}") = "PhotonWebSocket", "PhotonWebSocket.csproj", "{0C1E6F6A-7B26-24C3-9A28-2B69768DCBA2}"
EndProject
Project("{FAE04EC0-301F-11D3-BF4B-00C04F79EFBC}") = "Assembly-CSharp-Editor", "Assembly-CSharp-Editor.csproj", "{952F94C2-92B1-81CF-C2BD-B0D0D7D8D949}"
EndProject
Project("{FAE04EC0-301F-11D3-BF4B-00C04F79EFBC}") = "PhotonUnityNetworking.Editor", "PhotonUnityNetworking.Editor.csproj", "{77D45518-5722-A320-D5F4-46191CE46899}"
EndProject
Project("{FAE04EC0-301F-11D3-BF4B-00C04F79EFBC}") = "PhotonUnityNetworking.Utilities.PhotonPlayer.Editor", "PhotonUnityNetworking.Utilities.PhotonPlayer.Editor.csproj", "{2702B1A2-17FF-0B68-B68B-9A46B9F2D1E6}"
EndProject
Project("{FAE04EC0-301F-11D3-BF4B-00C04F79EFBC}") = "PhotonUnityNetworking.Utilities.Culling.Editor", "PhotonUnityNetworking.Utilities.Culling.Editor.csproj", "{E70A7DF1-F7C8-CCDD-24EF-AD05FB952D4E}"
EndProject
Global
	GlobalSection(SolutionConfigurationPlatforms) = preSolution
		Debug|Any CPU = Debug|Any CPU
		Release|Any CPU = Release|Any CPU
	EndGlobalSection
	GlobalSection(ProjectConfigurationPlatforms) = postSolution
		{EA59006D-E369-408D-0993-CDF3376F6303}.Debug|Any CPU.ActiveCfg = Debug|Any CPU
		{EA59006D-E369-408D-0993-CDF3376F6303}.Debug|Any CPU.Build.0 = Debug|Any CPU
		{EA59006D-E369-408D-0993-CDF3376F6303}.Release|Any CPU.ActiveCfg = Release|Any CPU
		{EA59006D-E369-408D-0993-CDF3376F6303}.Release|Any CPU.Build.0 = Release|Any CPU
		{34A34D6F-4078-7D56-7ECC-E71F97DB64F7}.Debug|Any CPU.ActiveCfg = Debug|Any CPU
		{34A34D6F-4078-7D56-7ECC-E71F97DB64F7}.Debug|Any CPU.Build.0 = Debug|Any CPU
		{34A34D6F-4078-7D56-7ECC-E71F97DB64F7}.Release|Any CPU.ActiveCfg = Release|Any CPU
		{34A34D6F-4078-7D56-7ECC-E71F97DB64F7}.Release|Any CPU.Build.0 = Release|Any CPU
		{3495C565-BA89-2D24-D9B6-15372430D95F}.Debug|Any CPU.ActiveCfg = Debug|Any CPU
		{3495C565-BA89-2D24-D9B6-15372430D95F}.Debug|Any CPU.Build.0 = Debug|Any CPU
		{3495C565-BA89-2D24-D9B6-15372430D95F}.Release|Any CPU.ActiveCfg = Release|Any CPU
		{3495C565-BA89-2D24-D9B6-15372430D95F}.Release|Any CPU.Build.0 = Release|Any CPU
		{CDDB57A4-6A5C-15C4-98CE-39D57F58783E}.Debug|Any CPU.ActiveCfg = Debug|Any CPU
		{CDDB57A4-6A5C-15C4-98CE-39D57F58783E}.Debug|Any CPU.Build.0 = Debug|Any CPU
		{CDDB57A4-6A5C-15C4-98CE-39D57F58783E}.Release|Any CPU.ActiveCfg = Release|Any CPU
		{CDDB57A4-6A5C-15C4-98CE-39D57F58783E}.Release|Any CPU.Build.0 = Release|Any CPU
		{F4BB390E-D303-BEE9-BBE6-FAD7D059CC8C}.Debug|Any CPU.ActiveCfg = Debug|Any CPU
		{F4BB390E-D303-BEE9-BBE6-FAD7D059CC8C}.Debug|Any CPU.Build.0 = Debug|Any CPU
		{F4BB390E-D303-BEE9-BBE6-FAD7D059CC8C}.Release|Any CPU.ActiveCfg = Release|Any CPU
		{F4BB390E-D303-BEE9-BBE6-FAD7D059CC8C}.Release|Any CPU.Build.0 = Release|Any CPU
		{0C1E6F6A-7B26-24C3-9A28-2B69768DCBA2}.Debug|Any CPU.ActiveCfg = Debug|Any CPU
		{0C1E6F6A-7B26-24C3-9A28-2B69768DCBA2}.Debug|Any CPU.Build.0 = Debug|Any CPU
		{0C1E6F6A-7B26-24C3-9A28-2B69768DCBA2}.Release|Any CPU.ActiveCfg = Release|Any CPU
		{0C1E6F6A-7B26-24C3-9A28-2B69768DCBA2}.Release|Any CPU.Build.0 = Release|Any CPU
		{952F94C2-92B1-81CF-C2BD-B0D0D7D8D949}.Debug|Any CPU.ActiveCfg = Debug|Any CPU
		{952F94C2-92B1-81CF-C2BD-B0D0D7D8D949}.Debug|Any CPU.Build.0 = Debug|Any CPU
		{952F94C2-92B1-81CF-C2BD-B0D0D7D8D949}.Release|Any CPU.ActiveCfg = Release|Any CPU
		{952F94C2-92B1-81CF-C2BD-B0D0D7D8D949}.Release|Any CPU.Build.0 = Release|Any CPU
		{77D45518-5722-A320-D5F4-46191CE46899}.Debug|Any CPU.ActiveCfg = Debug|Any CPU
		{77D45518-5722-A320-D5F4-46191CE46899}.Debug|Any CPU.Build.0 = Debug|Any CPU
		{77D45518-5722-A320-D5F4-46191CE46899}.Release|Any CPU.ActiveCfg = Release|Any CPU
		{77D45518-5722-A320-D5F4-46191CE46899}.Release|Any CPU.Build.0 = Release|Any CPU
		{2702B1A2-17FF-0B68-B68B-9A46B9F2D1E6}.Debug|Any CPU.ActiveCfg = Debug|Any CPU
		{2702B1A2-17FF-0B68-B68B-9A46B9F2D1E6}.Debug|Any CPU.Build.0 = Debug|Any CPU
		{2702B1A2-17FF-0B68-B68B-9A46B9F2D1E6}.Release|Any CPU.ActiveCfg = Release|Any CPU
		{2702B1A2-17FF-0B68-B68B-9A46B9F2D1E6}.Release|Any CPU.Build.0 = Release|Any CPU
		{E70A7DF1-F7C8-CCDD-24EF-AD05FB952D4E}.Debug|Any CPU.ActiveCfg = Debug|Any CPU
		{E70A7DF1-F7C8-CCDD-24EF-AD05FB952D4E}.Debug|Any CPU.Build.0 = Debug|Any CPU
		{E70A7DF1-F7C8-CCDD-24EF-AD05FB952D4E}.Release|Any CPU.ActiveCfg = Release|Any CPU
		{E70A7DF1-F7C8-CCDD-24EF-AD05FB952D4E}.Release|Any CPU.Build.0 = Release|Any CPU
	EndGlobalSection
	GlobalSection(SolutionProperties) = preSolution
		HideSolutionNode = FALSE
	EndGlobalSection
	GlobalSection(MonoDevelopProperties) = preSolution
		StartupItem = Assembly-CSharp.csproj
	EndGlobalSection
EndGlobal
