
Microsoft Visual Studio Solution File, Format Version 11.00
# Visual Studio 2010
Project("{FAE04EC0-301F-11D3-BF4B-00C04F79EFBC}") = "Assembly-CSharp", "Assembly-CSharp.csproj", "{EA59006D-E369-408D-0993-CDF3376F6303}"
EndProject
Project("{FAE04EC0-301F-11D3-BF4B-00C04F79EFBC}") = "Assembly-CSharp-Editor", "Assembly-CSharp-Editor.csproj", "{952F94C2-92B1-81CF-C2BD-B0D0D7D8D949}"
EndProject
Global
	GlobalSection(SolutionConfigurationPlatforms) = preSolution
		Debug|Any CPU = Debug|Any CPU
		Release|Any CPU = Release|Any CPU
	EndGlobalSection
	GlobalSection(ProjectConfigurationPlatforms) = postSolution
		{EA59006D-E369-408D-0993-CDF3376F6303}.Debug|Any CPU.ActiveCfg = Debug|Any CPU
		{EA59006D-E369-408D-0993-CDF3376F6303}.Debug|Any CPU.Build.0 = Debug|Any CPU
		{EA59006D-E369-408D-0993-CDF3376F6303}.Release|Any CPU.ActiveCfg = Release|Any CPU
		{EA59006D-E369-408D-0993-CDF3376F6303}.Release|Any CPU.Build.0 = Release|Any CPU
		{952F94C2-92B1-81CF-C2BD-B0D0D7D8D949}.Debug|Any CPU.ActiveCfg = Debug|Any CPU
		{952F94C2-92B1-81CF-C2BD-B0D0D7D8D949}.Debug|Any CPU.Build.0 = Debug|Any CPU
		{952F94C2-92B1-81CF-C2BD-B0D0D7D8D949}.Release|Any CPU.ActiveCfg = Release|Any CPU
		{952F94C2-92B1-81CF-C2BD-B0D0D7D8D949}.Release|Any CPU.Build.0 = Release|Any CPU
	EndGlobalSection
	GlobalSection(SolutionProperties) = preSolution
		HideSolutionNode = FALSE
	EndGlobalSection
	GlobalSection(MonoDevelopProperties) = preSolution
		StartupItem = Assembly-CSharp.csproj
	EndGlobalSection
EndGlobal
